{
  "name": "steam-ico-fix",
  "version": "1.0.0",
  "lockfileVersion": 3,
  "requires": true,
  "packages": {
    "": {
      "name": "steam-ico-fix",
      "version": "1.0.0",
      "license": "ISC",
      "dependencies": {
        "binary-vdf-2": "github:cbartondock/node-binary-vdf"
      }
    },
    "node_modules/binary-vdf-2": {
      "version": "0.1.0",
      "resolved": "git+ssh://git@github.com/cbartondock/node-binary-vdf.git#b74866b7d03725a0ab4f15f8a697ba1c3138a7ca"
    }
  }
}
